
Microsoft Visual Studio Solution File, Format Version 12.00
# Visual Studio Version 16
VisualStudioVersion = 16.0.33328.57
MinimumVisualStudioVersion = 10.0.40219.1
Project("{FAE04EC0-301F-11D3-BF4B-00C04F79EFBC}") = "contabilidad_inventario_mtod_peps", "contabilidad_inventario_mtod_peps\contabilidad_inventario_mtod_peps.csproj", "{C86C71D6-010A-4513-995C-5675CE25888C}"
EndProject
Global
	GlobalSection(SolutionConfigurationPlatforms) = preSolution
		Debug|Any CPU = Debug|Any CPU
		Release|Any CPU = Release|Any CPU
	EndGlobalSection
	GlobalSection(ProjectConfigurationPlatforms) = postSolution
		{C86C71D6-010A-4513-995C-5675CE25888C}.Debug|Any CPU.ActiveCfg = Debug|Any CPU
		{C86C71D6-010A-4513-995C-5675CE25888C}.Debug|Any CPU.Build.0 = Debug|Any CPU
		{C86C71D6-010A-4513-995C-5675CE25888C}.Release|Any CPU.ActiveCfg = Release|Any CPU
		{C86C71D6-010A-4513-995C-5675CE25888C}.Release|Any CPU.Build.0 = Release|Any CPU
	EndGlobalSection
	GlobalSection(SolutionProperties) = preSolution
		HideSolutionNode = FALSE
	EndGlobalSection
	GlobalSection(ExtensibilityGlobals) = postSolution
		SolutionGuid = {36B7964B-B04C-4B50-86FA-B5B6C44513A1}
	EndGlobalSection
EndGlobal
