
Microsoft Visual Studio Solution File, Format Version 12.00
# Visual Studio Version 16
VisualStudioVersion = 16.0.33328.57
MinimumVisualStudioVersion = 10.0.40219.1
Project("{FAE04EC0-301F-11D3-BF4B-00C04F79EFBC}") = "generador_contraseña", "generador_contraseña\generador_contraseña.csproj", "{698ECB3B-0E9F-4C86-BA60-DD98D7FEA4FA}"
EndProject
Global
	GlobalSection(SolutionConfigurationPlatforms) = preSolution
		Debug|Any CPU = Debug|Any CPU
		Release|Any CPU = Release|Any CPU
	EndGlobalSection
	GlobalSection(ProjectConfigurationPlatforms) = postSolution
		{698ECB3B-0E9F-4C86-BA60-DD98D7FEA4FA}.Debug|Any CPU.ActiveCfg = Debug|Any CPU
		{698ECB3B-0E9F-4C86-BA60-DD98D7FEA4FA}.Debug|Any CPU.Build.0 = Debug|Any CPU
		{698ECB3B-0E9F-4C86-BA60-DD98D7FEA4FA}.Release|Any CPU.ActiveCfg = Release|Any CPU
		{698ECB3B-0E9F-4C86-BA60-DD98D7FEA4FA}.Release|Any CPU.Build.0 = Release|Any CPU
	EndGlobalSection
	GlobalSection(SolutionProperties) = preSolution
		HideSolutionNode = FALSE
	EndGlobalSection
	GlobalSection(ExtensibilityGlobals) = postSolution
		SolutionGuid = {B18966D7-F2EE-43B6-9F3D-D54CBC3E18B5}
	EndGlobalSection
EndGlobal
